
Microsoft Visual Studio Solution File, Format Version 12.00
# Visual Studio 2012
Project("{FAE04EC0-301F-11D3-BF4B-00C04F79EFBC}") = "Defensive.NET", "Defensive.NET\Defensive.NET.csproj", "{CEFA0A03-6E87-48E8-A260-75FD8025AAC3}"
EndProject
Project("{FAE04EC0-301F-11D3-BF4B-00C04F79EFBC}") = "UnitTests", "UnitTests\UnitTests.csproj", "{B13B1F1C-EB15-4635-B5B0-4FCC83E74812}"
EndProject
Global
	GlobalSection(SolutionConfigurationPlatforms) = preSolution
		Debug|Any CPU = Debug|Any CPU
		Release|Any CPU = Release|Any CPU
	EndGlobalSection
	GlobalSection(ProjectConfigurationPlatforms) = postSolution
		{CEFA0A03-6E87-48E8-A260-75FD8025AAC3}.Debug|Any CPU.ActiveCfg = Debug|Any CPU
		{CEFA0A03-6E87-48E8-A260-75FD8025AAC3}.Debug|Any CPU.Build.0 = Debug|Any CPU
		{CEFA0A03-6E87-48E8-A260-75FD8025AAC3}.Release|Any CPU.ActiveCfg = Release|Any CPU
		{CEFA0A03-6E87-48E8-A260-75FD8025AAC3}.Release|Any CPU.Build.0 = Release|Any CPU
		{B13B1F1C-EB15-4635-B5B0-4FCC83E74812}.Debug|Any CPU.ActiveCfg = Debug|Any CPU
		{B13B1F1C-EB15-4635-B5B0-4FCC83E74812}.Debug|Any CPU.Build.0 = Debug|Any CPU
		{B13B1F1C-EB15-4635-B5B0-4FCC83E74812}.Release|Any CPU.ActiveCfg = Release|Any CPU
		{B13B1F1C-EB15-4635-B5B0-4FCC83E74812}.Release|Any CPU.Build.0 = Release|Any CPU
	EndGlobalSection
	GlobalSection(SolutionProperties) = preSolution
		HideSolutionNode = FALSE
	EndGlobalSection
EndGlobal
